
Microsoft Visual Studio Solution File, Format Version 12.00
# Visual Studio 14
VisualStudioVersion = 14.0.23107.0
MinimumVisualStudioVersion = 10.0.40219.1
Project("{FAE04EC0-301F-11D3-BF4B-00C04F79EFBC}") = "FoodStore.WebUI", "FoodStore.WebUI\FoodStore.WebUI.csproj", "{F12A1F17-3E47-4F75-BB4D-A297CDF0574C}"
EndProject
Project("{FAE04EC0-301F-11D3-BF4B-00C04F79EFBC}") = "FoodStore.UnitTests", "FoodStore.UnitTests\FoodStore.UnitTests.csproj", "{D6C6756B-E9DD-4109-9A20-B7315AFD25E5}"
EndProject
Project("{FAE04EC0-301F-11D3-BF4B-00C04F79EFBC}") = "FoodStore.Domain", "FoodStore.Domain\FoodStore.Domain.csproj", "{570DD13E-F2F3-4F92-AE3D-D5D44DD5C7A8}"
EndProject
Global
	GlobalSection(SolutionConfigurationPlatforms) = preSolution
		Debug|Any CPU = Debug|Any CPU
		Release|Any CPU = Release|Any CPU
	EndGlobalSection
	GlobalSection(ProjectConfigurationPlatforms) = postSolution
		{F12A1F17-3E47-4F75-BB4D-A297CDF0574C}.Debug|Any CPU.ActiveCfg = Debug|Any CPU
		{F12A1F17-3E47-4F75-BB4D-A297CDF0574C}.Debug|Any CPU.Build.0 = Debug|Any CPU
		{F12A1F17-3E47-4F75-BB4D-A297CDF0574C}.Release|Any CPU.ActiveCfg = Release|Any CPU
		{F12A1F17-3E47-4F75-BB4D-A297CDF0574C}.Release|Any CPU.Build.0 = Release|Any CPU
		{D6C6756B-E9DD-4109-9A20-B7315AFD25E5}.Debug|Any CPU.ActiveCfg = Debug|Any CPU
		{D6C6756B-E9DD-4109-9A20-B7315AFD25E5}.Debug|Any CPU.Build.0 = Debug|Any CPU
		{D6C6756B-E9DD-4109-9A20-B7315AFD25E5}.Release|Any CPU.ActiveCfg = Release|Any CPU
		{D6C6756B-E9DD-4109-9A20-B7315AFD25E5}.Release|Any CPU.Build.0 = Release|Any CPU
		{570DD13E-F2F3-4F92-AE3D-D5D44DD5C7A8}.Debug|Any CPU.ActiveCfg = Debug|Any CPU
		{570DD13E-F2F3-4F92-AE3D-D5D44DD5C7A8}.Debug|Any CPU.Build.0 = Debug|Any CPU
		{570DD13E-F2F3-4F92-AE3D-D5D44DD5C7A8}.Release|Any CPU.ActiveCfg = Release|Any CPU
		{570DD13E-F2F3-4F92-AE3D-D5D44DD5C7A8}.Release|Any CPU.Build.0 = Release|Any CPU
	EndGlobalSection
	GlobalSection(SolutionProperties) = preSolution
		HideSolutionNode = FALSE
	EndGlobalSection
EndGlobal
